// !$*UTF8*$!
{
	archiveVersion = 1;
	classes = {
	};
	objectVersion = 46;
	objects = {

/* Begin PBXBuildFile section */
		0A198EF31BBBFE260079A793 /* TimerController.swift in Sources */ = {isa = PBXBuildFile; fileRef = 0A198EF21BBBFE260079A793 /* TimerController.swift */; settings = {ASSET_TAGS = (); }; };
		0A2529791BBE97A8006CA305 /* SoundEffects.swift in Sources */ = {isa = PBXBuildFile; fileRef = 0A2529781BBE97A8006CA305 /* SoundEffects.swift */; settings = {ASSET_TAGS = (); }; };
		0A50915A1BCFB1A300DF4BDC /* Audio in Resources */ = {isa = PBXBuildFile; fileRef = 0A5091591BCFB1A300DF4BDC /* Audio */; settings = {ASSET_TAGS = (); }; };
		0AF6FE151BB597980072236B /* AppDelegate.swift in Sources */ = {isa = PBXBuildFile; fileRef = 0AF6FE141BB597980072236B /* AppDelegate.swift */; };
		0AF6FE171BB597980072236B /* ViewController.swift in Sources */ = {isa = PBXBuildFile; fileRef = 0AF6FE161BB597980072236B /* ViewController.swift */; };
		0AF6FE1A1BB597980072236B /* Main.storyboard in Resources */ = {isa = PBXBuildFile; fileRef = 0AF6FE181BB597980072236B /* Main.storyboard */; };
		0AF6FE1C1BB597980072236B /* Assets.xcassets in Resources */ = {isa = PBXBuildFile; fileRef = 0AF6FE1B1BB597980072236B /* Assets.xcassets */; };
		0AF6FE1F1BB597980072236B /* LaunchScreen.storyboard in Resources */ = {isa = PBXBuildFile; fileRef = 0AF6FE1D1BB597980072236B /* LaunchScreen.storyboard */; };
		0AF6FE2A1BB597980072236B /* Freestyle_TimerTests.swift in Sources */ = {isa = PBXBuildFile; fileRef = 0AF6FE291BB597980072236B /* Freestyle_TimerTests.swift */; };
		0AF6FE351BB597980072236B /* Freestyle_TimerUITests.swift in Sources */ = {isa = PBXBuildFile; fileRef = 0AF6FE341BB597980072236B /* Freestyle_TimerUITests.swift */; };
		0AF6FE451BB59DFE0072236B /* PageItemController.swift in Sources */ = {isa = PBXBuildFile; fileRef = 0AF6FE441BB59DFE0072236B /* PageItemController.swift */; settings = {ASSET_TAGS = (); }; };
/* End PBXBuildFile section */

/* Begin PBXContainerItemProxy section */
		0AF6FE261BB597980072236B /* PBXContainerItemProxy */ = {
			isa = PBXContainerItemProxy;
			containerPortal = 0AF6FE091BB597980072236B /* Project object */;
			proxyType = 1;
			remoteGlobalIDString = 0AF6FE101BB597980072236B;
			remoteInfo = "Freestyle Timer";
		};
		0AF6FE311BB597980072236B /* PBXContainerItemProxy */ = {
			isa = PBXContainerItemProxy;
			containerPortal = 0AF6FE091BB597980072236B /* Project object */;
			proxyType = 1;
			remoteGlobalIDString = 0AF6FE101BB597980072236B;
			remoteInfo = "Freestyle Timer";
		};
/* End PBXContainerItemProxy section */

/* Begin PBXFileReference section */
		0A198EF21BBBFE260079A793 /* TimerController.swift */ = {isa = PBXFileReference; fileEncoding = 4; lastKnownFileType = sourcecode.swift; path = TimerController.swift; sourceTree = "<group>"; };
		0A2529781BBE97A8006CA305 /* SoundEffects.swift */ = {isa = PBXFileReference; fileEncoding = 4; lastKnownFileType = sourcecode.swift; path = SoundEffects.swift; sourceTree = "<group>"; };
		0A5091591BCFB1A300DF4BDC /* Audio */ = {isa = PBXFileReference; lastKnownFileType = folder; path = Audio; sourceTree = "<group>"; };
		0AF6FE111BB597980072236B /* Freestyle Timer.app */ = {isa = PBXFileReference; explicitFileType = wrapper.application; includeInIndex = 0; path = "Freestyle Timer.app"; sourceTree = BUILT_PRODUCTS_DIR; };
		0AF6FE141BB597980072236B /* AppDelegate.swift */ = {isa = PBXFileReference; lastKnownFileType = sourcecode.swift; path = AppDelegate.swift; sourceTree = "<group>"; };
		0AF6FE161BB597980072236B /* ViewController.swift */ = {isa = PBXFileReference; lastKnownFileType = sourcecode.swift; path = ViewController.swift; sourceTree = "<group>"; };
		0AF6FE191BB597980072236B /* Base */ = {isa = PBXFileReference; lastKnownFileType = file.storyboard; name = Base; path = Base.lproj/Main.storyboard; sourceTree = "<group>"; };
		0AF6FE1B1BB597980072236B /* Assets.xcassets */ = {isa = PBXFileReference; lastKnownFileType = folder.assetcatalog; path = Assets.xcassets; sourceTree = "<group>"; };
		0AF6FE1E1BB597980072236B /* Base */ = {isa = PBXFileReference; lastKnownFileType = file.storyboard; name = Base; path = Base.lproj/LaunchScreen.storyboard; sourceTree = "<group>"; };
		0AF6FE201BB597980072236B /* Info.plist */ = {isa = PBXFileReference; lastKnownFileType = text.plist.xml; path = Info.plist; sourceTree = "<group>"; };
		0AF6FE251BB597980072236B /* Freestyle TimerTests.xctest */ = {isa = PBXFileReference; explicitFileType = wrapper.cfbundle; includeInIndex = 0; path = "Freestyle TimerTests.xctest"; sourceTree = BUILT_PRODUCTS_DIR; };
		0AF6FE291BB597980072236B /* Freestyle_TimerTests.swift */ = {isa = PBXFileReference; lastKnownFileType = sourcecode.swift; path = Freestyle_TimerTests.swift; sourceTree = "<group>"; };
		0AF6FE2B1BB597980072236B /* Info.plist */ = {isa = PBXFileReference; lastKnownFileType = text.plist.xml; path = Info.plist; sourceTree = "<group>"; };
		0AF6FE301BB597980072236B /* Freestyle TimerUITests.xctest */ = {isa = PBXFileReference; explicitFileType = wrapper.cfbundle; includeInIndex = 0; path = "Freestyle TimerUITests.xctest"; sourceTree = BUILT_PRODUCTS_DIR; };
		0AF6FE341BB597980072236B /* Freestyle_TimerUITests.swift */ = {isa = PBXFileReference; lastKnownFileType = sourcecode.swift; path = Freestyle_TimerUITests.swift; sourceTree = "<group>"; };
		0AF6FE361BB597980072236B /* Info.plist */ = {isa = PBXFileReference; lastKnownFileType = text.plist.xml; path = Info.plist; sourceTree = "<group>"; };
		0AF6FE441BB59DFE0072236B /* PageItemController.swift */ = {isa = PBXFileReference; fileEncoding = 4; lastKnownFileType = sourcecode.swift; path = PageItemController.swift; sourceTree = "<group>"; };
/* End PBXFileReference section */

/* Begin PBXFrameworksBuildPhase section */
		0AF6FE0E1BB597980072236B /* Frameworks */ = {
			isa = PBXFrameworksBuildPhase;
			buildActionMask = 2147483647;
			files = (
			);
			runOnlyForDeploymentPostprocessing = 0;
		};
		0AF6FE221BB597980072236B /* Frameworks */ = {
			isa = PBXFrameworksBuildPhase;
			buildActionMask = 2147483647;
			files = (
			);
			runOnlyForDeploymentPostprocessing = 0;
		};
		0AF6FE2D1BB597980072236B /* Frameworks */ = {
			isa = PBXFrameworksBuildPhase;
			buildActionMask = 2147483647;
			files = (
			);
			runOnlyForDeploymentPostprocessing = 0;
		};
/* End PBXFrameworksBuildPhase section */

/* Begin PBXGroup section */
		0AF6FE081BB597980072236B = {
			isa = PBXGroup;
			children = (
				0AF6FE131BB597980072236B /* Freestyle Timer */,
				0AF6FE281BB597980072236B /* Freestyle TimerTests */,
				0AF6FE331BB597980072236B /* Freestyle TimerUITests */,
				0AF6FE121BB597980072236B /* Products */,
				0A5091591BCFB1A300DF4BDC /* Audio */,
			);
			sourceTree = "<group>";
		};
		0AF6FE121BB597980072236B /* Products */ = {
			isa = PBXGroup;
			children = (
				0AF6FE111BB597980072236B /* Freestyle Timer.app */,
				0AF6FE251BB597980072236B /* Freestyle TimerTests.xctest */,
				0AF6FE301BB597980072236B /* Freestyle TimerUITests.xctest */,
			);
			name = Products;
			sourceTree = "<group>";
		};
		0AF6FE131BB597980072236B /* Freestyle Timer */ = {
			isa = PBXGroup;
			children = (
				0AF6FE141BB597980072236B /* AppDelegate.swift */,
				0AF6FE161BB597980072236B /* ViewController.swift */,
				0AF6FE181BB597980072236B /* Main.storyboard */,
				0AF6FE441BB59DFE0072236B /* PageItemController.swift */,
				0A198EF21BBBFE260079A793 /* TimerController.swift */,
				0A2529781BBE97A8006CA305 /* SoundEffects.swift */,
				0AF6FE1B1BB597980072236B /* Assets.xcassets */,
				0AF6FE1D1BB597980072236B /* LaunchScreen.storyboard */,
				0AF6FE201BB597980072236B /* Info.plist */,
			);
			path = "Freestyle Timer";
			sourceTree = "<group>";
		};
		0AF6FE281BB597980072236B /* Freestyle TimerTests */ = {
			isa = PBXGroup;
			children = (
				0AF6FE291BB597980072236B /* Freestyle_TimerTests.swift */,
				0AF6FE2B1BB597980072236B /* Info.plist */,
			);
			path = "Freestyle TimerTests";
			sourceTree = "<group>";
		};
		0AF6FE331BB597980072236B /* Freestyle TimerUITests */ = {
			isa = PBXGroup;
			children = (
				0AF6FE341BB597980072236B /* Freestyle_TimerUITests.swift */,
				0AF6FE361BB597980072236B /* Info.plist */,
			);
			path = "Freestyle TimerUITests";
			sourceTree = "<group>";
		};
/* End PBXGroup section */

/* Begin PBXNativeTarget section */
		0AF6FE101BB597980072236B /* Freestyle Timer */ = {
			isa = PBXNativeTarget;
			buildConfigurationList = 0AF6FE391BB597980072236B /* Build configuration list for PBXNativeTarget "Freestyle Timer" */;
			buildPhases = (
				0AF6FE0D1BB597980072236B /* Sources */,
				0AF6FE0E1BB597980072236B /* Frameworks */,
				0AF6FE0F1BB597980072236B /* Resources */,
			);
			buildRules = (
			);
			dependencies = (
			);
			name = "Freestyle Timer";
			productName = "Freestyle Timer";
			productReference = 0AF6FE111BB597980072236B /* Freestyle Timer.app */;
			productType = "com.apple.product-type.application";
		};
		0AF6FE241BB597980072236B /* Freestyle TimerTests */ = {
			isa = PBXNativeTarget;
			buildConfigurationList = 0AF6FE3C1BB597980072236B /* Build configuration list for PBXNativeTarget "Freestyle TimerTests" */;
			buildPhases = (
				0AF6FE211BB597980072236B /* Sources */,
				0AF6FE221BB597980072236B /* Frameworks */,
				0AF6FE231BB597980072236B /* Resources */,
			);
			buildRules = (
			);
			dependencies = (
				0AF6FE271BB597980072236B /* PBXTargetDependency */,
			);
			name = "Freestyle TimerTests";
			productName = "Freestyle TimerTests";
			productReference = 0AF6FE251BB597980072236B /* Freestyle TimerTests.xctest */;
			productType = "com.apple.product-type.bundle.unit-test";
		};
		0AF6FE2F1BB597980072236B /* Freestyle TimerUITests */ = {
			isa = PBXNativeTarget;
			buildConfigurationList = 0AF6FE3F1BB597980072236B /* Build configuration list for PBXNativeTarget "Freestyle TimerUITests" */;
			buildPhases = (
				0AF6FE2C1BB597980072236B /* Sources */,
				0AF6FE2D1BB597980072236B /* Frameworks */,
				0AF6FE2E1BB597980072236B /* Resources */,
			);
			buildRules = (
			);
			dependencies = (
				0AF6FE321BB597980072236B /* PBXTargetDependency */,
			);
			name = "Freestyle TimerUITests";
			productName = "Freestyle TimerUITests";
			productReference = 0AF6FE301BB597980072236B /* Freestyle TimerUITests.xctest */;
			productType = "com.apple.product-type.bundle.ui-testing";
		};
/* End PBXNativeTarget section */

/* Begin PBXProject section */
		0AF6FE091BB597980072236B /* Project object */ = {
			isa = PBXProject;
			attributes = {
				LastUpgradeCheck = 0700;
				ORGANIZATIONNAME = "Michał Buczek";
				TargetAttributes = {
					0AF6FE101BB597980072236B = {
						CreatedOnToolsVersion = 7.0;
						DevelopmentTeam = 56XR9FS29W;
						SystemCapabilities = {
							com.apple.BackgroundModes = {
								enabled = 1;
							};
						};
					};
					0AF6FE241BB597980072236B = {
						CreatedOnToolsVersion = 7.0;
						TestTargetID = 0AF6FE101BB597980072236B;
					};
					0AF6FE2F1BB597980072236B = {
						CreatedOnToolsVersion = 7.0;
						TestTargetID = 0AF6FE101BB597980072236B;
					};
				};
			};
			buildConfigurationList = 0AF6FE0C1BB597980072236B /* Build configuration list for PBXProject "Freestyle Timer" */;
			compatibilityVersion = "Xcode 3.2";
			developmentRegion = English;
			hasScannedForEncodings = 0;
			knownRegions = (
				en,
				Base,
			);
			mainGroup = 0AF6FE081BB597980072236B;
			productRefGroup = 0AF6FE121BB597980072236B /* Products */;
			projectDirPath = "";
			projectRoot = "";
			targets = (
				0AF6FE101BB597980072236B /* Freestyle Timer */,
				0AF6FE241BB597980072236B /* Freestyle TimerTests */,
				0AF6FE2F1BB597980072236B /* Freestyle TimerUITests */,
			);
		};
/* End PBXProject section */

/* Begin PBXResourcesBuildPhase section */
		0AF6FE0F1BB597980072236B /* Resources */ = {
			isa = PBXResourcesBuildPhase;
			buildActionMask = 2147483647;
			files = (
				0AF6FE1F1BB597980072236B /* LaunchScreen.storyboard in Resources */,
				0AF6FE1C1BB597980072236B /* Assets.xcassets in Resources */,
				0A50915A1BCFB1A300DF4BDC /* Audio in Resources */,
				0AF6FE1A1BB597980072236B /* Main.storyboard in Resources */,
			);
			runOnlyForDeploymentPostprocessing = 0;
		};
		0AF6FE231BB597980072236B /* Resources */ = {
			isa = PBXResourcesBuildPhase;
			buildActionMask = 2147483647;
			files = (
			);
			runOnlyForDeploymentPostprocessing = 0;
		};
		0AF6FE2E1BB597980072236B /* Resources */ = {
			isa = PBXResourcesBuildPhase;
			buildActionMask = 2147483647;
			files = (
			);
			runOnlyForDeploymentPostprocessing = 0;
		};
/* End PBXResourcesBuildPhase section */

/* Begin PBXSourcesBuildPhase section */
		0AF6FE0D1BB597980072236B /* Sources */ = {
			isa = PBXSourcesBuildPhase;
			buildActionMask = 2147483647;
			files = (
				0AF6FE171BB597980072236B /* ViewController.swift in Sources */,
				0A198EF31BBBFE260079A793 /* TimerController.swift in Sources */,
				0AF6FE151BB597980072236B /* AppDelegate.swift in Sources */,
				0A2529791BBE97A8006CA305 /* SoundEffects.swift in Sources */,
				0AF6FE451BB59DFE0072236B /* PageItemController.swift in Sources */,
			);
			runOnlyForDeploymentPostprocessing = 0;
		};
		0AF6FE211BB597980072236B /* Sources */ = {
			isa = PBXSourcesBuildPhase;
			buildActionMask = 2147483647;
			files = (
				0AF6FE2A1BB597980072236B /* Freestyle_TimerTests.swift in Sources */,
			);
			runOnlyForDeploymentPostprocessing = 0;
		};
		0AF6FE2C1BB597980072236B /* Sources */ = {
			isa = PBXSourcesBuildPhase;
			buildActionMask = 2147483647;
			files = (
				0AF6FE351BB597980072236B /* Freestyle_TimerUITests.swift in Sources */,
			);
			runOnlyForDeploymentPostprocessing = 0;
		};
/* End PBXSourcesBuildPhase section */

/* Begin PBXTargetDependency section */
		0AF6FE271BB597980072236B /* PBXTargetDependency */ = {
			isa = PBXTargetDependency;
			target = 0AF6FE101BB597980072236B /* Freestyle Timer */;
			targetProxy = 0AF6FE261BB597980072236B /* PBXContainerItemProxy */;
		};
		0AF6FE321BB597980072236B /* PBXTargetDependency */ = {
			isa = PBXTargetDependency;
			target = 0AF6FE101BB597980072236B /* Freestyle Timer */;
			targetProxy = 0AF6FE311BB597980072236B /* PBXContainerItemProxy */;
		};
/* End PBXTargetDependency section */

/* Begin PBXVariantGroup section */
		0AF6FE181BB597980072236B /* Main.storyboard */ = {
			isa = PBXVariantGroup;
			children = (
				0AF6FE191BB597980072236B /* Base */,
			);
			name = Main.storyboard;
			sourceTree = "<group>";
		};
		0AF6FE1D1BB597980072236B /* LaunchScreen.storyboard */ = {
			isa = PBXVariantGroup;
			children = (
				0AF6FE1E1BB597980072236B /* Base */,
			);
			name = LaunchScreen.storyboard;
			sourceTree = "<group>";
		};
/* End PBXVariantGroup section */

/* Begin XCBuildConfiguration section */
		0AF6FE371BB597980072236B /* Debug */ = {
			isa = XCBuildConfiguration;
			buildSettings = {
				ALWAYS_SEARCH_USER_PATHS = NO;
				CLANG_CXX_LANGUAGE_STANDARD = "gnu++0x";
				CLANG_CXX_LIBRARY = "libc++";
				CLANG_ENABLE_MODULES = YES;
				CLANG_ENABLE_OBJC_ARC = YES;
				CLANG_WARN_BOOL_CONVERSION = YES;
				CLANG_WARN_CONSTANT_CONVERSION = YES;
				CLANG_WARN_DIRECT_OBJC_ISA_USAGE = YES_ERROR;
				CLANG_WARN_EMPTY_BODY = YES;
				CLANG_WARN_ENUM_CONVERSION = YES;
				CLANG_WARN_INT_CONVERSION = YES;
				CLANG_WARN_OBJC_ROOT_CLASS = YES_ERROR;
				CLANG_WARN_UNREACHABLE_CODE = YES;
				CLANG_WARN__DUPLICATE_METHOD_MATCH = YES;
				"CODE_SIGN_IDENTITY[sdk=iphoneos*]" = "iPhone Developer";
				COPY_PHASE_STRIP = NO;
				DEBUG_INFORMATION_FORMAT = dwarf;
				ENABLE_STRICT_OBJC_MSGSEND = YES;
				ENABLE_TESTABILITY = YES;
				GCC_C_LANGUAGE_STANDARD = gnu99;
				GCC_DYNAMIC_NO_PIC = NO;
				GCC_NO_COMMON_BLOCKS = YES;
				GCC_OPTIMIZATION_LEVEL = 0;
				GCC_PREPROCESSOR_DEFINITIONS = (
					"DEBUG=1",
					"$(inherited)",
				);
				GCC_WARN_64_TO_32_BIT_CONVERSION = YES;
				GCC_WARN_ABOUT_RETURN_TYPE = YES_ERROR;
				GCC_WARN_UNDECLARED_SELECTOR = YES;
				GCC_WARN_UNINITIALIZED_AUTOS = YES_AGGRESSIVE;
				GCC_WARN_UNUSED_FUNCTION = YES;
				GCC_WARN_UNUSED_VARIABLE = YES;
				IPHONEOS_DEPLOYMENT_TARGET = 9.0;
				MTL_ENABLE_DEBUG_INFO = YES;
				ONLY_ACTIVE_ARCH = YES;
				SDKROOT = iphoneos;
				SWIFT_OPTIMIZATION_LEVEL = "-Onone";
				TARGETED_DEVICE_FAMILY = "1,2";
			};
			name = Debug;
		};
		0AF6FE381BB597980072236B /* Release */ = {
			isa = XCBuildConfiguration;
			buildSettings = {
				ALWAYS_SEARCH_USER_PATHS = NO;
				CLANG_CXX_LANGUAGE_STANDARD = "gnu++0x";
				CLANG_CXX_LIBRARY = "libc++";
				CLANG_ENABLE_MODULES = YES;
				CLANG_ENABLE_OBJC_ARC = YES;
				CLANG_WARN_BOOL_CONVERSION = YES;
				CLANG_WARN_CONSTANT_CONVERSION = YES;
				CLANG_WARN_DIRECT_OBJC_ISA_USAGE = YES_ERROR;
				CLANG_WARN_EMPTY_BODY = YES;
				CLANG_WARN_ENUM_CONVERSION = YES;
				CLANG_WARN_INT_CONVERSION = YES;
				CLANG_WARN_OBJC_ROOT_CLASS = YES_ERROR;
				CLANG_WARN_UNREACHABLE_CODE = YES;
				CLANG_WARN__DUPLICATE_METHOD_MATCH = YES;
				"CODE_SIGN_IDENTITY[sdk=iphoneos*]" = "iPhone Developer";
				COPY_PHASE_STRIP = NO;
				DEBUG_INFORMATION_FORMAT = "dwarf-with-dsym";
				ENABLE_NS_ASSERTIONS = NO;
				ENABLE_STRICT_OBJC_MSGSEND = YES;
				GCC_C_LANGUAGE_STANDARD = gnu99;
				GCC_NO_COMMON_BLOCKS = YES;
				GCC_WARN_64_TO_32_BIT_CONVERSION = YES;
				GCC_WARN_ABOUT_RETURN_TYPE = YES_ERROR;
				GCC_WARN_UNDECLARED_SELECTOR = YES;
				GCC_WARN_UNINITIALIZED_AUTOS = YES_AGGRESSIVE;
				GCC_WARN_UNUSED_FUNCTION = YES;
				GCC_WARN_UNUSED_VARIABLE = YES;
				IPHONEOS_DEPLOYMENT_TARGET = 9.0;
				MTL_ENABLE_DEBUG_INFO = NO;
				SDKROOT = iphoneos;
				TARGETED_DEVICE_FAMILY = "1,2";
				VALIDATE_PRODUCT = YES;
			};
			name = Release;
		};
		0AF6FE3A1BB597980072236B /* Debug */ = {
			isa = XCBuildConfiguration;
			buildSettings = {
				ASSETCATALOG_COMPILER_APPICON_NAME = AppIcon;
				CODE_SIGN_IDENTITY = "iPhone Developer";
				INFOPLIST_FILE = "Freestyle Timer/Info.plist";
				LD_RUNPATH_SEARCH_PATHS = "$(inherited) @executable_path/Frameworks";
				PRODUCT_BUNDLE_IDENTIFIER = "com.michalbuczek.Freestyle-Timer";
				PRODUCT_NAME = "$(TARGET_NAME)";
				TARGETED_DEVICE_FAMILY = 1;
			};
			name = Debug;
		};
		0AF6FE3B1BB597980072236B /* Release */ = {
			isa = XCBuildConfiguration;
			buildSettings = {
				ASSETCATALOG_COMPILER_APPICON_NAME = AppIcon;
				CODE_SIGN_IDENTITY = "iPhone Developer";
				INFOPLIST_FILE = "Freestyle Timer/Info.plist";
				LD_RUNPATH_SEARCH_PATHS = "$(inherited) @executable_path/Frameworks";
				PRODUCT_BUNDLE_IDENTIFIER = "com.michalbuczek.Freestyle-Timer";
				PRODUCT_NAME = "$(TARGET_NAME)";
				TARGETED_DEVICE_FAMILY = 1;
			};
			name = Release;
		};
		0AF6FE3D1BB597980072236B /* Debug */ = {
			isa = XCBuildConfiguration;
			buildSettings = {
				BUNDLE_LOADER = "$(TEST_HOST)";
				INFOPLIST_FILE = "Freestyle TimerTests/Info.plist";
				LD_RUNPATH_SEARCH_PATHS = "$(inherited) @executable_path/Frameworks @loader_path/Frameworks";
				PRODUCT_BUNDLE_IDENTIFIER = "com.michalbuczek.Freestyle-TimerTests";
				PRODUCT_NAME = "$(TARGET_NAME)";
				TEST_HOST = "$(BUILT_PRODUCTS_DIR)/Freestyle Timer.app/Freestyle Timer";
			};
			name = Debug;
		};
		0AF6FE3E1BB597980072236B /* Release */ = {
			isa = XCBuildConfiguration;
			buildSettings = {
				BUNDLE_LOADER = "$(TEST_HOST)";
				INFOPLIST_FILE = "Freestyle TimerTests/Info.plist";
				LD_RUNPATH_SEARCH_PATHS = "$(inherited) @executable_path/Frameworks @loader_path/Frameworks";
				PRODUCT_BUNDLE_IDENTIFIER = "com.michalbuczek.Freestyle-TimerTests";
				PRODUCT_NAME = "$(TARGET_NAME)";
				TEST_HOST = "$(BUILT_PRODUCTS_DIR)/Freestyle Timer.app/Freestyle Timer";
			};
			name = Release;
		};
		0AF6FE401BB597980072236B /* Debug */ = {
			isa = XCBuildConfiguration;
			buildSettings = {
				INFOPLIST_FILE = "Freestyle TimerUITests/Info.plist";
				LD_RUNPATH_SEARCH_PATHS = "$(inherited) @executable_path/Frameworks @loader_path/Frameworks";
				PRODUCT_BUNDLE_IDENTIFIER = "com.michalbuczek.Freestyle-TimerUITests";
				PRODUCT_NAME = "$(TARGET_NAME)";
				TEST_TARGET_NAME = "Freestyle Timer";
				USES_XCTRUNNER = YES;
			};
			name = Debug;
		};
		0AF6FE411BB597980072236B /* Release */ = {
			isa = XCBuildConfiguration;
			buildSettings = {
				INFOPLIST_FILE = "Freestyle TimerUITests/Info.plist";
				LD_RUNPATH_SEARCH_PATHS = "$(inherited) @executable_path/Frameworks @loader_path/Frameworks";
				PRODUCT_BUNDLE_IDENTIFIER = "com.michalbuczek.Freestyle-TimerUITests";
				PRODUCT_NAME = "$(TARGET_NAME)";
				TEST_TARGET_NAME = "Freestyle Timer";
				USES_XCTRUNNER = YES;
			};
			name = Release;
		};
/* End XCBuildConfiguration section */

/* Begin XCConfigurationList section */
		0AF6FE0C1BB597980072236B /* Build configuration list for PBXProject "Freestyle Timer" */ = {
			isa = XCConfigurationList;
			buildConfigurations = (
				0AF6FE371BB597980072236B /* Debug */,
				0AF6FE381BB597980072236B /* Release */,
			);
			defaultConfigurationIsVisible = 0;
			defaultConfigurationName = Release;
		};
		0AF6FE391BB597980072236B /* Build configuration list for PBXNativeTarget "Freestyle Timer" */ = {
			isa = XCConfigurationList;
			buildConfigurations = (
				0AF6FE3A1BB597980072236B /* Debug */,
				0AF6FE3B1BB597980072236B /* Release */,
			);
			defaultConfigurationIsVisible = 0;
			defaultConfigurationName = Release;
		};
		0AF6FE3C1BB597980072236B /* Build configuration list for PBXNativeTarget "Freestyle TimerTests" */ = {
			isa = XCConfigurationList;
			buildConfigurations = (
				0AF6FE3D1BB597980072236B /* Debug */,
				0AF6FE3E1BB597980072236B /* Release */,
			);
			defaultConfigurationIsVisible = 0;
			defaultConfigurationName = Release;
		};
		0AF6FE3F1BB597980072236B /* Build configuration list for PBXNativeTarget "Freestyle TimerUITests" */ = {
			isa = XCConfigurationList;
			buildConfigurations = (
				0AF6FE401BB597980072236B /* Debug */,
				0AF6FE411BB597980072236B /* Release */,
			);
			defaultConfigurationIsVisible = 0;
			defaultConfigurationName = Release;
		};
/* End XCConfigurationList section */
	};
	rootObject = 0AF6FE091BB597980072236B /* Project object */;
}
